// !$*UTF8*$!
{
	archiveVersion = 1;
	classes = {
	};
	objectVersion = 50;
	objects = {

/* Begin PBXBuildFile section */
		9F2787A323D67B3B00F3B4EE /* AppDelegate.swift in Sources */ = {isa = PBXBuildFile; fileRef = 9F2787A223D67B3B00F3B4EE /* AppDelegate.swift */; };
		9F2787A523D67B3B00F3B4EE /* SceneDelegate.swift in Sources */ = {isa = PBXBuildFile; fileRef = 9F2787A423D67B3B00F3B4EE /* SceneDelegate.swift */; };
		9F2787A723D67B3B00F3B4EE /* ContentView.swift in Sources */ = {isa = PBXBuildFile; fileRef = 9F2787A623D67B3B00F3B4EE /* ContentView.swift */; };
		9F2787A923D67B3D00F3B4EE /* Assets.xcassets in Resources */ = {isa = PBXBuildFile; fileRef = 9F2787A823D67B3D00F3B4EE /* Assets.xcassets */; };
		9F2787AC23D67B3D00F3B4EE /* Preview Assets.xcassets in Resources */ = {isa = PBXBuildFile; fileRef = 9F2787AB23D67B3D00F3B4EE /* Preview Assets.xcassets */; };
		9F2787AF23D67B3D00F3B4EE /* LaunchScreen.storyboard in Resources */ = {isa = PBXBuildFile; fileRef = 9F2787AD23D67B3D00F3B4EE /* LaunchScreen.storyboard */; };
/* End PBXBuildFile section */

/* Begin PBXFileReference section */
		9F27879F23D67B3B00F3B4EE /* Live App Browser.app */ = {isa = PBXFileReference; explicitFileType = wrapper.application; includeInIndex = 0; path = "Live App Browser.app"; sourceTree = BUILT_PRODUCTS_DIR; };
		9F2787A223D67B3B00F3B4EE /* AppDelegate.swift */ = {isa = PBXFileReference; lastKnownFileType = sourcecode.swift; path = AppDelegate.swift; sourceTree = "<group>"; };
		9F2787A423D67B3B00F3B4EE /* SceneDelegate.swift */ = {isa = PBXFileReference; lastKnownFileType = sourcecode.swift; path = SceneDelegate.swift; sourceTree = "<group>"; };
		9F2787A623D67B3B00F3B4EE /* ContentView.swift */ = {isa = PBXFileReference; lastKnownFileType = sourcecode.swift; path = ContentView.swift; sourceTree = "<group>"; };
		9F2787A823D67B3D00F3B4EE /* Assets.xcassets */ = {isa = PBXFileReference; lastKnownFileType = folder.assetcatalog; path = Assets.xcassets; sourceTree = "<group>"; };
		9F2787AB23D67B3D00F3B4EE /* Preview Assets.xcassets */ = {isa = PBXFileReference; lastKnownFileType = folder.assetcatalog; path = "Preview Assets.xcassets"; sourceTree = "<group>"; };
		9F2787AE23D67B3D00F3B4EE /* Base */ = {isa = PBXFileReference; lastKnownFileType = file.storyboard; name = Base; path = Base.lproj/LaunchScreen.storyboard; sourceTree = "<group>"; };
		9F2787B023D67B3D00F3B4EE /* Info.plist */ = {isa = PBXFileReference; lastKnownFileType = text.plist.xml; path = Info.plist; sourceTree = "<group>"; };
		9F2787B623D67FC400F3B4EE /* Live App Browser.entitlements */ = {isa = PBXFileReference; lastKnownFileType = text.plist.entitlements; path = "Live App Browser.entitlements"; sourceTree = "<group>"; };
/* End PBXFileReference section */

/* Begin PBXFrameworksBuildPhase section */
		9F27879C23D67B3B00F3B4EE /* Frameworks */ = {
			isa = PBXFrameworksBuildPhase;
			buildActionMask = 2147483647;
			files = (
			);
			runOnlyForDeploymentPostprocessing = 0;
		};
/* End PBXFrameworksBuildPhase section */

/* Begin PBXGroup section */
		9F27879623D67B3B00F3B4EE = {
			isa = PBXGroup;
			children = (
				9F2787A123D67B3B00F3B4EE /* Live App Browser */,
				9F2787A023D67B3B00F3B4EE /* Products */,
			);
			sourceTree = "<group>";
		};
		9F2787A023D67B3B00F3B4EE /* Products */ = {
			isa = PBXGroup;
			children = (
				9F27879F23D67B3B00F3B4EE /* Live App Browser.app */,
			);
			name = Products;
			sourceTree = "<group>";
		};
		9F2787A123D67B3B00F3B4EE /* Live App Browser */ = {
			isa = PBXGroup;
			children = (
				9F2787B623D67FC400F3B4EE /* Live App Browser.entitlements */,
				9F2787A223D67B3B00F3B4EE /* AppDelegate.swift */,
				9F2787A423D67B3B00F3B4EE /* SceneDelegate.swift */,
				9F2787A623D67B3B00F3B4EE /* ContentView.swift */,
				9F2787A823D67B3D00F3B4EE /* Assets.xcassets */,
				9F2787AD23D67B3D00F3B4EE /* LaunchScreen.storyboard */,
				9F2787B023D67B3D00F3B4EE /* Info.plist */,
				9F2787AA23D67B3D00F3B4EE /* Preview Content */,
			);
			path = "Live App Browser";
			sourceTree = "<group>";
		};
		9F2787AA23D67B3D00F3B4EE /* Preview Content */ = {
			isa = PBXGroup;
			children = (
				9F2787AB23D67B3D00F3B4EE /* Preview Assets.xcassets */,
			);
			path = "Preview Content";
			sourceTree = "<group>";
		};
/* End PBXGroup section */

/* Begin PBXNativeTarget section */
		9F27879E23D67B3B00F3B4EE /* Live App Browser */ = {
			isa = PBXNativeTarget;
			buildConfigurationList = 9F2787B323D67B3D00F3B4EE /* Build configuration list for PBXNativeTarget "Live App Browser" */;
			buildPhases = (
				9F27879B23D67B3B00F3B4EE /* Sources */,
				9F27879C23D67B3B00F3B4EE /* Frameworks */,
				9F27879D23D67B3B00F3B4EE /* Resources */,
			);
			buildRules = (
			);
			dependencies = (
			);
			name = "Live App Browser";
			productName = "Live App Browser";
			productReference = 9F27879F23D67B3B00F3B4EE /* Live App Browser.app */;
			productType = "com.apple.product-type.application";
		};
/* End PBXNativeTarget section */

/* Begin PBXProject section */
		9F27879723D67B3B00F3B4EE /* Project object */ = {
			isa = PBXProject;
			attributes = {
				LastSwiftUpdateCheck = 1130;
				LastUpgradeCheck = 1130;
				ORGANIZATIONNAME = "Joseph Hinkle";
				TargetAttributes = {
					9F27879E23D67B3B00F3B4EE = {
						CreatedOnToolsVersion = 11.3.1;
					};
				};
			};
			buildConfigurationList = 9F27879A23D67B3B00F3B4EE /* Build configuration list for PBXProject "Live App Browser" */;
			compatibilityVersion = "Xcode 9.3";
			developmentRegion = en;
			hasScannedForEncodings = 0;
			knownRegions = (
				en,
				Base,
			);
			mainGroup = 9F27879623D67B3B00F3B4EE;
			productRefGroup = 9F2787A023D67B3B00F3B4EE /* Products */;
			projectDirPath = "";
			projectRoot = "";
			targets = (
				9F27879E23D67B3B00F3B4EE /* Live App Browser */,
			);
		};
/* End PBXProject section */

/* Begin PBXResourcesBuildPhase section */
		9F27879D23D67B3B00F3B4EE /* Resources */ = {
			isa = PBXResourcesBuildPhase;
			buildActionMask = 2147483647;
			files = (
				9F2787AF23D67B3D00F3B4EE /* LaunchScreen.storyboard in Resources */,
				9F2787AC23D67B3D00F3B4EE /* Preview Assets.xcassets in Resources */,
				9F2787A923D67B3D00F3B4EE /* Assets.xcassets in Resources */,
			);
			runOnlyForDeploymentPostprocessing = 0;
		};
/* End PBXResourcesBuildPhase section */

/* Begin PBXSourcesBuildPhase section */
		9F27879B23D67B3B00F3B4EE /* Sources */ = {
			isa = PBXSourcesBuildPhase;
			buildActionMask = 2147483647;
			files = (
				9F2787A323D67B3B00F3B4EE /* AppDelegate.swift in Sources */,
				9F2787A523D67B3B00F3B4EE /* SceneDelegate.swift in Sources */,
				9F2787A723D67B3B00F3B4EE /* ContentView.swift in Sources */,
			);
			runOnlyForDeploymentPostprocessing = 0;
		};
/* End PBXSourcesBuildPhase section */

/* Begin PBXVariantGroup section */
		9F2787AD23D67B3D00F3B4EE /* LaunchScreen.storyboard */ = {
			isa = PBXVariantGroup;
			children = (
				9F2787AE23D67B3D00F3B4EE /* Base */,
			);
			name = LaunchScreen.storyboard;
			sourceTree = "<group>";
		};
/* End PBXVariantGroup section */

/* Begin XCBuildConfiguration section */
		9F2787B123D67B3D00F3B4EE /* Debug */ = {
			isa = XCBuildConfiguration;
			buildSettings = {
				ALWAYS_SEARCH_USER_PATHS = NO;
				CLANG_ANALYZER_NONNULL = YES;
				CLANG_ANALYZER_NUMBER_OBJECT_CONVERSION = YES_AGGRESSIVE;
				CLANG_CXX_LANGUAGE_STANDARD = "gnu++14";
				CLANG_CXX_LIBRARY = "libc++";
				CLANG_ENABLE_MODULES = YES;
				CLANG_ENABLE_OBJC_ARC = YES;
				CLANG_ENABLE_OBJC_WEAK = YES;
				CLANG_WARN_BLOCK_CAPTURE_AUTORELEASING = YES;
				CLANG_WARN_BOOL_CONVERSION = YES;
				CLANG_WARN_COMMA = YES;
				CLANG_WARN_CONSTANT_CONVERSION = YES;
				CLANG_WARN_DEPRECATED_OBJC_IMPLEMENTATIONS = YES;
				CLANG_WARN_DIRECT_OBJC_ISA_USAGE = YES_ERROR;
				CLANG_WARN_DOCUMENTATION_COMMENTS = YES;
				CLANG_WARN_EMPTY_BODY = YES;
				CLANG_WARN_ENUM_CONVERSION = YES;
				CLANG_WARN_INFINITE_RECURSION = YES;
				CLANG_WARN_INT_CONVERSION = YES;
				CLANG_WARN_NON_LITERAL_NULL_CONVERSION = YES;
				CLANG_WARN_OBJC_IMPLICIT_RETAIN_SELF = YES;
				CLANG_WARN_OBJC_LITERAL_CONVERSION = YES;
				CLANG_WARN_OBJC_ROOT_CLASS = YES_ERROR;
				CLANG_WARN_RANGE_LOOP_ANALYSIS = YES;
				CLANG_WARN_STRICT_PROTOTYPES = YES;
				CLANG_WARN_SUSPICIOUS_MOVE = YES;
				CLANG_WARN_UNGUARDED_AVAILABILITY = YES_AGGRESSIVE;
				CLANG_WARN_UNREACHABLE_CODE = YES;
				CLANG_WARN__DUPLICATE_METHOD_MATCH = YES;
				COPY_PHASE_STRIP = NO;
				DEBUG_INFORMATION_FORMAT = dwarf;
				ENABLE_STRICT_OBJC_MSGSEND = YES;
				ENABLE_TESTABILITY = YES;
				GCC_C_LANGUAGE_STANDARD = gnu11;
				GCC_DYNAMIC_NO_PIC = NO;
				GCC_NO_COMMON_BLOCKS = YES;
				GCC_OPTIMIZATION_LEVEL = 0;
				GCC_PREPROCESSOR_DEFINITIONS = (
					"DEBUG=1",
					"$(inherited)",
				);
				GCC_WARN_64_TO_32_BIT_CONVERSION = YES;
				GCC_WARN_ABOUT_RETURN_TYPE = YES_ERROR;
				GCC_WARN_UNDECLARED_SELECTOR = YES;
				GCC_WARN_UNINITIALIZED_AUTOS = YES_AGGRESSIVE;
				GCC_WARN_UNUSED_FUNCTION = YES;
				GCC_WARN_UNUSED_VARIABLE = YES;
				IPHONEOS_DEPLOYMENT_TARGET = 13.2;
				MTL_ENABLE_DEBUG_INFO = INCLUDE_SOURCE;
				MTL_FAST_MATH = YES;
				ONLY_ACTIVE_ARCH = YES;
				SDKROOT = iphoneos;
				SWIFT_ACTIVE_COMPILATION_CONDITIONS = DEBUG;
				SWIFT_OPTIMIZATION_LEVEL = "-Onone";
			};
			name = Debug;
		};
		9F2787B223D67B3D00F3B4EE /* Release */ = {
			isa = XCBuildConfiguration;
			buildSettings = {
				ALWAYS_SEARCH_USER_PATHS = NO;
				CLANG_ANALYZER_NONNULL = YES;
				CLANG_ANALYZER_NUMBER_OBJECT_CONVERSION = YES_AGGRESSIVE;
				CLANG_CXX_LANGUAGE_STANDARD = "gnu++14";
				CLANG_CXX_LIBRARY = "libc++";
				CLANG_ENABLE_MODULES = YES;
				CLANG_ENABLE_OBJC_ARC = YES;
				CLANG_ENABLE_OBJC_WEAK = YES;
				CLANG_WARN_BLOCK_CAPTURE_AUTORELEASING = YES;
				CLANG_WARN_BOOL_CONVERSION = YES;
				CLANG_WARN_COMMA = YES;
				CLANG_WARN_CONSTANT_CONVERSION = YES;
				CLANG_WARN_DEPRECATED_OBJC_IMPLEMENTATIONS = YES;
				CLANG_WARN_DIRECT_OBJC_ISA_USAGE = YES_ERROR;
				CLANG_WARN_DOCUMENTATION_COMMENTS = YES;
				CLANG_WARN_EMPTY_BODY = YES;
				CLANG_WARN_ENUM_CONVERSION = YES;
				CLANG_WARN_INFINITE_RECURSION = YES;
				CLANG_WARN_INT_CONVERSION = YES;
				CLANG_WARN_NON_LITERAL_NULL_CONVERSION = YES;
				CLANG_WARN_OBJC_IMPLICIT_RETAIN_SELF = YES;
				CLANG_WARN_OBJC_LITERAL_CONVERSION = YES;
				CLANG_WARN_OBJC_ROOT_CLASS = YES_ERROR;
				CLANG_WARN_RANGE_LOOP_ANALYSIS = YES;
				CLANG_WARN_STRICT_PROTOTYPES = YES;
				CLANG_WARN_SUSPICIOUS_MOVE = YES;
				CLANG_WARN_UNGUARDED_AVAILABILITY = YES_AGGRESSIVE;
				CLANG_WARN_UNREACHABLE_CODE = YES;
				CLANG_WARN__DUPLICATE_METHOD_MATCH = YES;
				COPY_PHASE_STRIP = NO;
				DEBUG_INFORMATION_FORMAT = "dwarf-with-dsym";
				ENABLE_NS_ASSERTIONS = NO;
				ENABLE_STRICT_OBJC_MSGSEND = YES;
				GCC_C_LANGUAGE_STANDARD = gnu11;
				GCC_NO_COMMON_BLOCKS = YES;
				GCC_WARN_64_TO_32_BIT_CONVERSION = YES;
				GCC_WARN_ABOUT_RETURN_TYPE = YES_ERROR;
				GCC_WARN_UNDECLARED_SELECTOR = YES;
				GCC_WARN_UNINITIALIZED_AUTOS = YES_AGGRESSIVE;
				GCC_WARN_UNUSED_FUNCTION = YES;
				GCC_WARN_UNUSED_VARIABLE = YES;
				IPHONEOS_DEPLOYMENT_TARGET = 13.2;
				MTL_ENABLE_DEBUG_INFO = NO;
				MTL_FAST_MATH = YES;
				SDKROOT = iphoneos;
				SWIFT_COMPILATION_MODE = wholemodule;
				SWIFT_OPTIMIZATION_LEVEL = "-O";
				VALIDATE_PRODUCT = YES;
			};
			name = Release;
		};
		9F2787B423D67B3D00F3B4EE /* Debug */ = {
			isa = XCBuildConfiguration;
			buildSettings = {
				ASSETCATALOG_COMPILER_APPICON_NAME = AppIcon;
				CODE_SIGN_ENTITLEMENTS = "Live App Browser/Live App Browser.entitlements";
				CODE_SIGN_STYLE = Automatic;
				DEVELOPMENT_ASSET_PATHS = "\"Live App Browser/Preview Content\"";
				DEVELOPMENT_TEAM = B3GJXRTH64;
				ENABLE_PREVIEWS = YES;
				INFOPLIST_FILE = "Live App Browser/Info.plist";
				LD_RUNPATH_SEARCH_PATHS = (
					"$(inherited)",
					"@executable_path/Frameworks",
				);
				MARKETING_VERSION = 0.0.1;
				PRODUCT_BUNDLE_IDENTIFIER = io.joehinkle.liveappbrowser;
				PRODUCT_NAME = "$(TARGET_NAME)";
				SWIFT_VERSION = 5.0;
				TARGETED_DEVICE_FAMILY = "1,2";
			};
			name = Debug;
		};
		9F2787B523D67B3D00F3B4EE /* Release */ = {
			isa = XCBuildConfiguration;
			buildSettings = {
				ASSETCATALOG_COMPILER_APPICON_NAME = AppIcon;
				CODE_SIGN_ENTITLEMENTS = "Live App Browser/Live App Browser.entitlements";
				CODE_SIGN_STYLE = Automatic;
				DEVELOPMENT_ASSET_PATHS = "\"Live App Browser/Preview Content\"";
				DEVELOPMENT_TEAM = B3GJXRTH64;
				ENABLE_PREVIEWS = YES;
				INFOPLIST_FILE = "Live App Browser/Info.plist";
				LD_RUNPATH_SEARCH_PATHS = (
					"$(inherited)",
					"@executable_path/Frameworks",
				);
				MARKETING_VERSION = 0.0.1;
				PRODUCT_BUNDLE_IDENTIFIER = io.joehinkle.liveappbrowser;
				PRODUCT_NAME = "$(TARGET_NAME)";
				SWIFT_VERSION = 5.0;
				TARGETED_DEVICE_FAMILY = "1,2";
			};
			name = Release;
		};
/* End XCBuildConfiguration section */

/* Begin XCConfigurationList section */
		9F27879A23D67B3B00F3B4EE /* Build configuration list for PBXProject "Live App Browser" */ = {
			isa = XCConfigurationList;
			buildConfigurations = (
				9F2787B123D67B3D00F3B4EE /* Debug */,
				9F2787B223D67B3D00F3B4EE /* Release */,
			);
			defaultConfigurationIsVisible = 0;
			defaultConfigurationName = Release;
		};
		9F2787B323D67B3D00F3B4EE /* Build configuration list for PBXNativeTarget "Live App Browser" */ = {
			isa = XCConfigurationList;
			buildConfigurations = (
				9F2787B423D67B3D00F3B4EE /* Debug */,
				9F2787B523D67B3D00F3B4EE /* Release */,
			);
			defaultConfigurationIsVisible = 0;
			defaultConfigurationName = Release;
		};
/* End XCConfigurationList section */
	};
	rootObject = 9F27879723D67B3B00F3B4EE /* Project object */;
}
